
Microsoft Visual Studio Solution File, Format Version 12.00
# Visual Studio Version 17
VisualStudioVersion = 17.14.36804.6 d17.14
MinimumVisualStudioVersion = 10.0.40219.1
Project("{FAE04EC0-301F-11D3-BF4B-00C04F79EFBC}") = "task_7_11", "task_7_11\task_7_11.csproj", "{9C21F48B-97A1-4301-9230-A141AFA62613}"
EndProject
Global
	GlobalSection(SolutionConfigurationPlatforms) = preSolution
		Debug|Any CPU = Debug|Any CPU
		Release|Any CPU = Release|Any CPU
	EndGlobalSection
	GlobalSection(ProjectConfigurationPlatforms) = postSolution
		{9C21F48B-97A1-4301-9230-A141AFA62613}.Debug|Any CPU.ActiveCfg = Debug|Any CPU
		{9C21F48B-97A1-4301-9230-A141AFA62613}.Debug|Any CPU.Build.0 = Debug|Any CPU
		{9C21F48B-97A1-4301-9230-A141AFA62613}.Release|Any CPU.ActiveCfg = Release|Any CPU
		{9C21F48B-97A1-4301-9230-A141AFA62613}.Release|Any CPU.Build.0 = Release|Any CPU
	EndGlobalSection
	GlobalSection(SolutionProperties) = preSolution
		HideSolutionNode = FALSE
	EndGlobalSection
	GlobalSection(ExtensibilityGlobals) = postSolution
		SolutionGuid = {6DB572E6-6C56-47BC-AB58-9FA42305B75A}
	EndGlobalSection
EndGlobal
