
Microsoft Visual Studio Solution File, Format Version 12.00
# Visual Studio Version 17
VisualStudioVersion = 17.14.36804.6 d17.14
MinimumVisualStudioVersion = 10.0.40219.1
Project("{FAE04EC0-301F-11D3-BF4B-00C04F79EFBC}") = "task_7_2", "task_7_2\task_7_2.csproj", "{8F96502F-F71A-45BD-937A-958FB6D81679}"
EndProject
Global
	GlobalSection(SolutionConfigurationPlatforms) = preSolution
		Debug|Any CPU = Debug|Any CPU
		Release|Any CPU = Release|Any CPU
	EndGlobalSection
	GlobalSection(ProjectConfigurationPlatforms) = postSolution
		{8F96502F-F71A-45BD-937A-958FB6D81679}.Debug|Any CPU.ActiveCfg = Debug|Any CPU
		{8F96502F-F71A-45BD-937A-958FB6D81679}.Debug|Any CPU.Build.0 = Debug|Any CPU
		{8F96502F-F71A-45BD-937A-958FB6D81679}.Release|Any CPU.ActiveCfg = Release|Any CPU
		{8F96502F-F71A-45BD-937A-958FB6D81679}.Release|Any CPU.Build.0 = Release|Any CPU
	EndGlobalSection
	GlobalSection(SolutionProperties) = preSolution
		HideSolutionNode = FALSE
	EndGlobalSection
	GlobalSection(ExtensibilityGlobals) = postSolution
		SolutionGuid = {7419AF2D-5328-442A-A9EC-7D70D18E3041}
	EndGlobalSection
EndGlobal
